
Microsoft Visual Studio Solution File, Format Version 12.00
# Visual Studio 15
VisualStudioVersion = 15.0.28307.271
MinimumVisualStudioVersion = 10.0.40219.1
Project("{9A19103F-16F7-4668-BE54-9A1E7A4F7556}") = "SedGridApp", "SendGridApp\SedGridApp.csproj", "{C2EB210A-3232-4D22-B2B2-63E6568FB1DD}"
EndProject
Project("{9A19103F-16F7-4668-BE54-9A1E7A4F7556}") = "SendGridLib", "SendGrid\SendGridLib.csproj", "{FE0D7DF8-BA5A-4101-AD83-E6D59E5F153A}"
EndProject
Global
	GlobalSection(SolutionConfigurationPlatforms) = preSolution
		Debug|Any CPU = Debug|Any CPU
		Release|Any CPU = Release|Any CPU
	EndGlobalSection
	GlobalSection(ProjectConfigurationPlatforms) = postSolution
		{C2EB210A-3232-4D22-B2B2-63E6568FB1DD}.Debug|Any CPU.ActiveCfg = Debug|Any CPU
		{C2EB210A-3232-4D22-B2B2-63E6568FB1DD}.Debug|Any CPU.Build.0 = Debug|Any CPU
		{C2EB210A-3232-4D22-B2B2-63E6568FB1DD}.Release|Any CPU.ActiveCfg = Release|Any CPU
		{C2EB210A-3232-4D22-B2B2-63E6568FB1DD}.Release|Any CPU.Build.0 = Release|Any CPU
		{FE0D7DF8-BA5A-4101-AD83-E6D59E5F153A}.Debug|Any CPU.ActiveCfg = Debug|Any CPU
		{FE0D7DF8-BA5A-4101-AD83-E6D59E5F153A}.Debug|Any CPU.Build.0 = Debug|Any CPU
		{FE0D7DF8-BA5A-4101-AD83-E6D59E5F153A}.Release|Any CPU.ActiveCfg = Release|Any CPU
		{FE0D7DF8-BA5A-4101-AD83-E6D59E5F153A}.Release|Any CPU.Build.0 = Release|Any CPU
	EndGlobalSection
	GlobalSection(SolutionProperties) = preSolution
		HideSolutionNode = FALSE
	EndGlobalSection
	GlobalSection(ExtensibilityGlobals) = postSolution
		SolutionGuid = {3086F728-D7A0-4AE0-B21B-66055B2EC7E0}
	EndGlobalSection
EndGlobal
